
Microsoft Visual Studio Solution File, Format Version 12.00
# Visual Studio Version 17
VisualStudioVersion = 17.6.33815.320
MinimumVisualStudioVersion = 10.0.40219.1
Project("{9A19103F-16F7-4668-BE54-9A1E7A4F7556}") = "OnlineStore", "OnlineStore\OnlineStore.csproj", "{E02680A1-0D9B-41FC-B667-37C87B09BDDA}"
EndProject
Project("{2150E333-8FDC-42A3-9474-1A3956D46DE8}") = "01-Domain", "01-Domain", "{3785C13B-2997-461F-A638-52C0D20A4878}"
EndProject
Project("{2150E333-8FDC-42A3-9474-1A3956D46DE8}") = "02-Infrastructure", "02-Infrastructure", "{F7657635-200D-4B6E-92A4-61B6331EE647}"
EndProject
Project("{2150E333-8FDC-42A3-9474-1A3956D46DE8}") = "03-EndPoint", "03-EndPoint", "{D6B74AD2-F11B-40D1-AA3D-1F3E8911D219}"
EndProject
Project("{2150E333-8FDC-42A3-9474-1A3956D46DE8}") = "Core", "Core", "{C9254CF5-1A65-46E9-85DF-618B3AE0F9D7}"
EndProject
Project("{2150E333-8FDC-42A3-9474-1A3956D46DE8}") = "Service", "Service", "{A962B63B-2A2A-4681-8730-C2E235936E37}"
EndProject
Project("{2150E333-8FDC-42A3-9474-1A3956D46DE8}") = "DataAccess", "DataAccess", "{E9B7F830-CD25-45C3-872B-4A80FD9DEB31}"
EndProject
Project("{2150E333-8FDC-42A3-9474-1A3956D46DE8}") = "Db", "Db", "{C5391528-3FC4-4145-91F8-3D646C3DB898}"
EndProject
Project("{9A19103F-16F7-4668-BE54-9A1E7A4F7556}") = "OS.Domain.Core", "OS.Domain.Core\OS.Domain.Core.csproj", "{D27DCD21-F42F-47E1-8631-123B8CF674EC}"
EndProject
Project("{9A19103F-16F7-4668-BE54-9A1E7A4F7556}") = "OS.Domain.Service", "OS.Domain.Service\OS.Domain.Service.csproj", "{56DC66F5-FD83-4ECD-86B9-A9BAFF6064AD}"
EndProject
Project("{9A19103F-16F7-4668-BE54-9A1E7A4F7556}") = "OS.Infrastucture.DataAccess.EfRepo", "OS.Infrastucture.DataAccess.EfRepo\OS.Infrastucture.DataAccess.EfRepo.csproj", "{7E325AEB-4866-4176-9644-61ED124D46E0}"
EndProject
Project("{9A19103F-16F7-4668-BE54-9A1E7A4F7556}") = "OS.Infrastucture.Db.SqlServer", "OS.Infrastucture.DataAccess.Db.SqlServer\OS.Infrastucture.Db.SqlServer.csproj", "{6412509D-52EC-47A7-B66E-9ED29AF09D72}"
EndProject
Project("{9A19103F-16F7-4668-BE54-9A1E7A4F7556}") = "OS.Domain.AppService", "OS.Domain.AppService\OS.Domain.AppService.csproj", "{0FD34F50-FBBB-407F-ACDD-F48486C9F820}"
EndProject
Global
	GlobalSection(SolutionConfigurationPlatforms) = preSolution
		Debug|Any CPU = Debug|Any CPU
		Release|Any CPU = Release|Any CPU
	EndGlobalSection
	GlobalSection(ProjectConfigurationPlatforms) = postSolution
		{E02680A1-0D9B-41FC-B667-37C87B09BDDA}.Debug|Any CPU.ActiveCfg = Debug|Any CPU
		{E02680A1-0D9B-41FC-B667-37C87B09BDDA}.Debug|Any CPU.Build.0 = Debug|Any CPU
		{E02680A1-0D9B-41FC-B667-37C87B09BDDA}.Release|Any CPU.ActiveCfg = Release|Any CPU
		{E02680A1-0D9B-41FC-B667-37C87B09BDDA}.Release|Any CPU.Build.0 = Release|Any CPU
		{D27DCD21-F42F-47E1-8631-123B8CF674EC}.Debug|Any CPU.ActiveCfg = Debug|Any CPU
		{D27DCD21-F42F-47E1-8631-123B8CF674EC}.Debug|Any CPU.Build.0 = Debug|Any CPU
		{D27DCD21-F42F-47E1-8631-123B8CF674EC}.Release|Any CPU.ActiveCfg = Release|Any CPU
		{D27DCD21-F42F-47E1-8631-123B8CF674EC}.Release|Any CPU.Build.0 = Release|Any CPU
		{56DC66F5-FD83-4ECD-86B9-A9BAFF6064AD}.Debug|Any CPU.ActiveCfg = Debug|Any CPU
		{56DC66F5-FD83-4ECD-86B9-A9BAFF6064AD}.Debug|Any CPU.Build.0 = Debug|Any CPU
		{56DC66F5-FD83-4ECD-86B9-A9BAFF6064AD}.Release|Any CPU.ActiveCfg = Release|Any CPU
		{56DC66F5-FD83-4ECD-86B9-A9BAFF6064AD}.Release|Any CPU.Build.0 = Release|Any CPU
		{7E325AEB-4866-4176-9644-61ED124D46E0}.Debug|Any CPU.ActiveCfg = Debug|Any CPU
		{7E325AEB-4866-4176-9644-61ED124D46E0}.Debug|Any CPU.Build.0 = Debug|Any CPU
		{7E325AEB-4866-4176-9644-61ED124D46E0}.Release|Any CPU.ActiveCfg = Release|Any CPU
		{7E325AEB-4866-4176-9644-61ED124D46E0}.Release|Any CPU.Build.0 = Release|Any CPU
		{6412509D-52EC-47A7-B66E-9ED29AF09D72}.Debug|Any CPU.ActiveCfg = Debug|Any CPU
		{6412509D-52EC-47A7-B66E-9ED29AF09D72}.Debug|Any CPU.Build.0 = Debug|Any CPU
		{6412509D-52EC-47A7-B66E-9ED29AF09D72}.Release|Any CPU.ActiveCfg = Release|Any CPU
		{6412509D-52EC-47A7-B66E-9ED29AF09D72}.Release|Any CPU.Build.0 = Release|Any CPU
		{0FD34F50-FBBB-407F-ACDD-F48486C9F820}.Debug|Any CPU.ActiveCfg = Debug|Any CPU
		{0FD34F50-FBBB-407F-ACDD-F48486C9F820}.Debug|Any CPU.Build.0 = Debug|Any CPU
		{0FD34F50-FBBB-407F-ACDD-F48486C9F820}.Release|Any CPU.ActiveCfg = Release|Any CPU
		{0FD34F50-FBBB-407F-ACDD-F48486C9F820}.Release|Any CPU.Build.0 = Release|Any CPU
	EndGlobalSection
	GlobalSection(SolutionProperties) = preSolution
		HideSolutionNode = FALSE
	EndGlobalSection
	GlobalSection(NestedProjects) = preSolution
		{E02680A1-0D9B-41FC-B667-37C87B09BDDA} = {D6B74AD2-F11B-40D1-AA3D-1F3E8911D219}
		{C9254CF5-1A65-46E9-85DF-618B3AE0F9D7} = {3785C13B-2997-461F-A638-52C0D20A4878}
		{A962B63B-2A2A-4681-8730-C2E235936E37} = {3785C13B-2997-461F-A638-52C0D20A4878}
		{E9B7F830-CD25-45C3-872B-4A80FD9DEB31} = {F7657635-200D-4B6E-92A4-61B6331EE647}
		{C5391528-3FC4-4145-91F8-3D646C3DB898} = {F7657635-200D-4B6E-92A4-61B6331EE647}
		{D27DCD21-F42F-47E1-8631-123B8CF674EC} = {C9254CF5-1A65-46E9-85DF-618B3AE0F9D7}
		{56DC66F5-FD83-4ECD-86B9-A9BAFF6064AD} = {A962B63B-2A2A-4681-8730-C2E235936E37}
		{7E325AEB-4866-4176-9644-61ED124D46E0} = {E9B7F830-CD25-45C3-872B-4A80FD9DEB31}
		{6412509D-52EC-47A7-B66E-9ED29AF09D72} = {C5391528-3FC4-4145-91F8-3D646C3DB898}
		{0FD34F50-FBBB-407F-ACDD-F48486C9F820} = {A962B63B-2A2A-4681-8730-C2E235936E37}
	EndGlobalSection
	GlobalSection(ExtensibilityGlobals) = postSolution
		SolutionGuid = {172B832A-E7D4-4E65-9CFA-0CDCA89583C9}
	EndGlobalSection
EndGlobal
